
Microsoft Visual Studio Solution File, Format Version 12.00
# Visual Studio 2013
VisualStudioVersion = 12.0.40629.0
MinimumVisualStudioVersion = 10.0.40219.1
Project("{888888A0-9F3D-457C-B088-3A5042F75D52}") = "PythonApplication17", "PythonApplication17\PythonApplication17.pyproj", "{AA418169-FF7D-4F96-803A-3109F145466A}"
EndProject
Project("{888888A0-9F3D-457C-B088-3A5042F75D52}") = "FlaskWebProject1", "FlaskWebProject1\FlaskWebProject1.pyproj", "{7DC17909-D641-4713-BA27-565208C176F0}"
EndProject
Global
	GlobalSection(SolutionConfigurationPlatforms) = preSolution
		Debug|Any CPU = Debug|Any CPU
		Release|Any CPU = Release|Any CPU
	EndGlobalSection
	GlobalSection(ProjectConfigurationPlatforms) = postSolution
		{AA418169-FF7D-4F96-803A-3109F145466A}.Debug|Any CPU.ActiveCfg = Debug|Any CPU
		{AA418169-FF7D-4F96-803A-3109F145466A}.Release|Any CPU.ActiveCfg = Release|Any CPU
		{7DC17909-D641-4713-BA27-565208C176F0}.Debug|Any CPU.ActiveCfg = Debug|Any CPU
		{7DC17909-D641-4713-BA27-565208C176F0}.Debug|Any CPU.Build.0 = Debug|Any CPU
		{7DC17909-D641-4713-BA27-565208C176F0}.Release|Any CPU.ActiveCfg = Release|Any CPU
		{7DC17909-D641-4713-BA27-565208C176F0}.Release|Any CPU.Build.0 = Release|Any CPU
	EndGlobalSection
	GlobalSection(SolutionProperties) = preSolution
		HideSolutionNode = FALSE
	EndGlobalSection
EndGlobal
